// !$*UTF8*$!
{
	archiveVersion = 1;
	classes = {
	};
	objectVersion = 46;
	objects = {

/* Begin PBXBuildFile section */
		7B0B93841F1E68BF0002A11A /* FPSCounter.swift in Sources */ = {isa = PBXBuildFile; fileRef = 7B0B93831F1E68BC0002A11A /* FPSCounter.swift */; };
		7B0B93851F1E68C00002A11A /* FPSCounter.swift in Sources */ = {isa = PBXBuildFile; fileRef = 7B0B93831F1E68BC0002A11A /* FPSCounter.swift */; };
		7B8236BE1EAA564B00127F0C /* Preprocessing.swift in Sources */ = {isa = PBXBuildFile; fileRef = 7B8236BC1EAA564B00127F0C /* Preprocessing.swift */; };
		7B8236BF1EAA564B00127F0C /* Shaders.metal in Sources */ = {isa = PBXBuildFile; fileRef = 7B8236BD1EAA564B00127F0C /* Shaders.metal */; };
		7B8236C01EAA572A00127F0C /* Preprocessing.swift in Sources */ = {isa = PBXBuildFile; fileRef = 7B8236BC1EAA564B00127F0C /* Preprocessing.swift */; };
		7B8236C11EAA572C00127F0C /* Shaders.metal in Sources */ = {isa = PBXBuildFile; fileRef = 7B8236BD1EAA564B00127F0C /* Shaders.metal */; };
		7BA395EC1EA8C27400F4C4D6 /* Main.storyboard in Resources */ = {isa = PBXBuildFile; fileRef = 7BA395EA1EA8C27400F4C4D6 /* Main.storyboard */; };
		7BA395EE1EA8C27400F4C4D6 /* Assets.xcassets in Resources */ = {isa = PBXBuildFile; fileRef = 7BA395ED1EA8C27400F4C4D6 /* Assets.xcassets */; };
		7BA3961D1EA8C50E00F4C4D6 /* CameraViewController.swift in Sources */ = {isa = PBXBuildFile; fileRef = 7BA396191EA8C50E00F4C4D6 /* CameraViewController.swift */; };
		7BA3961F1EA8C50E00F4C4D6 /* MNIST.swift in Sources */ = {isa = PBXBuildFile; fileRef = 7BA3961B1EA8C50E00F4C4D6 /* MNIST.swift */; };
		7BA396421EA8C53000F4C4D6 /* five.png in Resources */ = {isa = PBXBuildFile; fileRef = 7BA396321EA8C53000F4C4D6 /* five.png */; };
		7BA396441EA8C53000F4C4D6 /* three.png in Resources */ = {isa = PBXBuildFile; fileRef = 7BA396341EA8C53000F4C4D6 /* three.png */; };
		7BA396661EA8CB7900F4C4D6 /* AppDelegate.swift in Sources */ = {isa = PBXBuildFile; fileRef = 7BA396641EA8CB7900F4C4D6 /* AppDelegate.swift */; };
		7BA396671EA8CB7900F4C4D6 /* VideoCapture.swift in Sources */ = {isa = PBXBuildFile; fileRef = 7BA396651EA8CB7900F4C4D6 /* VideoCapture.swift */; };
		7BA396791EAA077E00F4C4D6 /* conv1_b.bin in Resources */ = {isa = PBXBuildFile; fileRef = 7BA396711EAA077E00F4C4D6 /* conv1_b.bin */; };
		7BA3967A1EAA077E00F4C4D6 /* conv1_W.bin in Resources */ = {isa = PBXBuildFile; fileRef = 7BA396721EAA077E00F4C4D6 /* conv1_W.bin */; };
		7BA3967B1EAA077E00F4C4D6 /* conv2_b.bin in Resources */ = {isa = PBXBuildFile; fileRef = 7BA396731EAA077E00F4C4D6 /* conv2_b.bin */; };
		7BA3967C1EAA077E00F4C4D6 /* conv2_W.bin in Resources */ = {isa = PBXBuildFile; fileRef = 7BA396741EAA077E00F4C4D6 /* conv2_W.bin */; };
		7BA3967D1EAA077E00F4C4D6 /* fc1_b.bin in Resources */ = {isa = PBXBuildFile; fileRef = 7BA396751EAA077E00F4C4D6 /* fc1_b.bin */; };
		7BA3967E1EAA077E00F4C4D6 /* fc1_W.bin in Resources */ = {isa = PBXBuildFile; fileRef = 7BA396761EAA077E00F4C4D6 /* fc1_W.bin */; };
		7BA3967F1EAA077E00F4C4D6 /* fc2_b.bin in Resources */ = {isa = PBXBuildFile; fileRef = 7BA396771EAA077E00F4C4D6 /* fc2_b.bin */; };
		7BA396801EAA077E00F4C4D6 /* fc2_W.bin in Resources */ = {isa = PBXBuildFile; fileRef = 7BA396781EAA077E00F4C4D6 /* fc2_W.bin */; };
		7BA396AB1EAA21B300F4C4D6 /* AppDelegate.swift in Sources */ = {isa = PBXBuildFile; fileRef = 7BA396641EA8CB7900F4C4D6 /* AppDelegate.swift */; };
		7BA396AC1EAA21B500F4C4D6 /* VideoCapture.swift in Sources */ = {isa = PBXBuildFile; fileRef = 7BA396651EA8CB7900F4C4D6 /* VideoCapture.swift */; };
		7BA396AD1EAA21BA00F4C4D6 /* conv1_b.bin in Resources */ = {isa = PBXBuildFile; fileRef = 7BA396711EAA077E00F4C4D6 /* conv1_b.bin */; };
		7BA396AE1EAA21BA00F4C4D6 /* conv1_W.bin in Resources */ = {isa = PBXBuildFile; fileRef = 7BA396721EAA077E00F4C4D6 /* conv1_W.bin */; };
		7BA396AF1EAA21BA00F4C4D6 /* conv2_b.bin in Resources */ = {isa = PBXBuildFile; fileRef = 7BA396731EAA077E00F4C4D6 /* conv2_b.bin */; };
		7BA396B01EAA21BA00F4C4D6 /* conv2_W.bin in Resources */ = {isa = PBXBuildFile; fileRef = 7BA396741EAA077E00F4C4D6 /* conv2_W.bin */; };
		7BA396B11EAA21BA00F4C4D6 /* fc1_b.bin in Resources */ = {isa = PBXBuildFile; fileRef = 7BA396751EAA077E00F4C4D6 /* fc1_b.bin */; };
		7BA396B21EAA21BA00F4C4D6 /* fc1_W.bin in Resources */ = {isa = PBXBuildFile; fileRef = 7BA396761EAA077E00F4C4D6 /* fc1_W.bin */; };
		7BA396B31EAA21BA00F4C4D6 /* fc2_b.bin in Resources */ = {isa = PBXBuildFile; fileRef = 7BA396771EAA077E00F4C4D6 /* fc2_b.bin */; };
		7BA396B41EAA21BA00F4C4D6 /* fc2_W.bin in Resources */ = {isa = PBXBuildFile; fileRef = 7BA396781EAA077E00F4C4D6 /* fc2_W.bin */; };
		7BA396B51EAA21C100F4C4D6 /* five.png in Resources */ = {isa = PBXBuildFile; fileRef = 7BA396321EA8C53000F4C4D6 /* five.png */; };
		7BA396B61EAA21C100F4C4D6 /* three.png in Resources */ = {isa = PBXBuildFile; fileRef = 7BA396341EA8C53000F4C4D6 /* three.png */; };
		7BA396B71EAA21C800F4C4D6 /* Main.storyboard in Resources */ = {isa = PBXBuildFile; fileRef = 7BA395EA1EA8C27400F4C4D6 /* Main.storyboard */; };
		7BA396B81EAA21CB00F4C4D6 /* Assets.xcassets in Resources */ = {isa = PBXBuildFile; fileRef = 7BA395ED1EA8C27400F4C4D6 /* Assets.xcassets */; };
		7BA396C31EAA229700F4C4D6 /* CameraViewController.swift in Sources */ = {isa = PBXBuildFile; fileRef = 7BA396191EA8C50E00F4C4D6 /* CameraViewController.swift */; };
		7BA396C61EAA293600F4C4D6 /* MNIST-DSL.swift in Sources */ = {isa = PBXBuildFile; fileRef = 7BA396C41EAA293300F4C4D6 /* MNIST-DSL.swift */; };
		7BA396CB1EAA2C7300F4C4D6 /* Forge.framework in Frameworks */ = {isa = PBXBuildFile; fileRef = 7BA396CA1EAA2C7300F4C4D6 /* Forge.framework */; };
		7BA396CC1EAA2C7300F4C4D6 /* Forge.framework in Embed Frameworks */ = {isa = PBXBuildFile; fileRef = 7BA396CA1EAA2C7300F4C4D6 /* Forge.framework */; settings = {ATTRIBUTES = (CodeSignOnCopy, RemoveHeadersOnCopy, ); }; };
		7BA396CD1EAA2C7800F4C4D6 /* Forge.framework in Frameworks */ = {isa = PBXBuildFile; fileRef = 7BA396CA1EAA2C7300F4C4D6 /* Forge.framework */; };
		7BA396CE1EAA2C7800F4C4D6 /* Forge.framework in Embed Frameworks */ = {isa = PBXBuildFile; fileRef = 7BA396CA1EAA2C7300F4C4D6 /* Forge.framework */; settings = {ATTRIBUTES = (CodeSignOnCopy, RemoveHeadersOnCopy, ); }; };
/* End PBXBuildFile section */

/* Begin PBXCopyFilesBuildPhase section */
		7BA396081EA8C2CE00F4C4D6 /* Embed Frameworks */ = {
			isa = PBXCopyFilesBuildPhase;
			buildActionMask = 2147483647;
			dstPath = "";
			dstSubfolderSpec = 10;
			files = (
				7BA396CE1EAA2C7800F4C4D6 /* Forge.framework in Embed Frameworks */,
			);
			name = "Embed Frameworks";
			runOnlyForDeploymentPostprocessing = 0;
		};
		7BA396C21EAA227D00F4C4D6 /* Embed Frameworks */ = {
			isa = PBXCopyFilesBuildPhase;
			buildActionMask = 2147483647;
			dstPath = "";
			dstSubfolderSpec = 10;
			files = (
				7BA396CC1EAA2C7300F4C4D6 /* Forge.framework in Embed Frameworks */,
			);
			name = "Embed Frameworks";
			runOnlyForDeploymentPostprocessing = 0;
		};
/* End PBXCopyFilesBuildPhase section */

/* Begin PBXFileReference section */
		7B0B93831F1E68BC0002A11A /* FPSCounter.swift */ = {isa = PBXFileReference; lastKnownFileType = sourcecode.swift; path = FPSCounter.swift; sourceTree = "<group>"; };
		7B8236BC1EAA564B00127F0C /* Preprocessing.swift */ = {isa = PBXFileReference; fileEncoding = 4; lastKnownFileType = sourcecode.swift; path = Preprocessing.swift; sourceTree = "<group>"; };
		7B8236BD1EAA564B00127F0C /* Shaders.metal */ = {isa = PBXFileReference; fileEncoding = 4; lastKnownFileType = sourcecode.metal; path = Shaders.metal; sourceTree = "<group>"; };
		7BA395E31EA8C27400F4C4D6 /* MNIST.app */ = {isa = PBXFileReference; explicitFileType = wrapper.application; includeInIndex = 0; path = MNIST.app; sourceTree = BUILT_PRODUCTS_DIR; };
		7BA395EB1EA8C27400F4C4D6 /* Base */ = {isa = PBXFileReference; lastKnownFileType = file.storyboard; name = Base; path = Base.lproj/Main.storyboard; sourceTree = "<group>"; };
		7BA395ED1EA8C27400F4C4D6 /* Assets.xcassets */ = {isa = PBXFileReference; lastKnownFileType = folder.assetcatalog; path = Assets.xcassets; sourceTree = "<group>"; };
		7BA395F21EA8C27400F4C4D6 /* Info.plist */ = {isa = PBXFileReference; lastKnownFileType = text.plist.xml; path = Info.plist; sourceTree = "<group>"; };
		7BA396191EA8C50E00F4C4D6 /* CameraViewController.swift */ = {isa = PBXFileReference; fileEncoding = 4; lastKnownFileType = sourcecode.swift; path = CameraViewController.swift; sourceTree = "<group>"; };
		7BA3961B1EA8C50E00F4C4D6 /* MNIST.swift */ = {isa = PBXFileReference; fileEncoding = 4; lastKnownFileType = sourcecode.swift; path = MNIST.swift; sourceTree = "<group>"; };
		7BA396321EA8C53000F4C4D6 /* five.png */ = {isa = PBXFileReference; lastKnownFileType = image.png; path = five.png; sourceTree = "<group>"; };
		7BA396341EA8C53000F4C4D6 /* three.png */ = {isa = PBXFileReference; lastKnownFileType = image.png; path = three.png; sourceTree = "<group>"; };
		7BA396641EA8CB7900F4C4D6 /* AppDelegate.swift */ = {isa = PBXFileReference; fileEncoding = 4; lastKnownFileType = sourcecode.swift; path = AppDelegate.swift; sourceTree = "<group>"; };
		7BA396651EA8CB7900F4C4D6 /* VideoCapture.swift */ = {isa = PBXFileReference; fileEncoding = 4; lastKnownFileType = sourcecode.swift; path = VideoCapture.swift; sourceTree = "<group>"; };
		7BA396711EAA077E00F4C4D6 /* conv1_b.bin */ = {isa = PBXFileReference; lastKnownFileType = archive.macbinary; path = conv1_b.bin; sourceTree = "<group>"; };
		7BA396721EAA077E00F4C4D6 /* conv1_W.bin */ = {isa = PBXFileReference; lastKnownFileType = archive.macbinary; path = conv1_W.bin; sourceTree = "<group>"; };
		7BA396731EAA077E00F4C4D6 /* conv2_b.bin */ = {isa = PBXFileReference; lastKnownFileType = archive.macbinary; path = conv2_b.bin; sourceTree = "<group>"; };
		7BA396741EAA077E00F4C4D6 /* conv2_W.bin */ = {isa = PBXFileReference; lastKnownFileType = archive.macbinary; path = conv2_W.bin; sourceTree = "<group>"; };
		7BA396751EAA077E00F4C4D6 /* fc1_b.bin */ = {isa = PBXFileReference; lastKnownFileType = archive.macbinary; path = fc1_b.bin; sourceTree = "<group>"; };
		7BA396761EAA077E00F4C4D6 /* fc1_W.bin */ = {isa = PBXFileReference; lastKnownFileType = archive.macbinary; path = fc1_W.bin; sourceTree = "<group>"; };
		7BA396771EAA077E00F4C4D6 /* fc2_b.bin */ = {isa = PBXFileReference; lastKnownFileType = archive.macbinary; path = fc2_b.bin; sourceTree = "<group>"; };
		7BA396781EAA077E00F4C4D6 /* fc2_W.bin */ = {isa = PBXFileReference; lastKnownFileType = archive.macbinary; path = fc2_W.bin; sourceTree = "<group>"; };
		7BA396951EAA215500F4C4D6 /* MNIST-DSL.app */ = {isa = PBXFileReference; explicitFileType = wrapper.application; includeInIndex = 0; path = "MNIST-DSL.app"; sourceTree = BUILT_PRODUCTS_DIR; };
		7BA396C41EAA293300F4C4D6 /* MNIST-DSL.swift */ = {isa = PBXFileReference; fileEncoding = 4; lastKnownFileType = sourcecode.swift; path = "MNIST-DSL.swift"; sourceTree = "<group>"; };
		7BA396CA1EAA2C7300F4C4D6 /* Forge.framework */ = {isa = PBXFileReference; explicitFileType = wrapper.framework; path = Forge.framework; sourceTree = BUILT_PRODUCTS_DIR; };
/* End PBXFileReference section */

/* Begin PBXFrameworksBuildPhase section */
		7BA395E01EA8C27400F4C4D6 /* Frameworks */ = {
			isa = PBXFrameworksBuildPhase;
			buildActionMask = 2147483647;
			files = (
				7BA396CD1EAA2C7800F4C4D6 /* Forge.framework in Frameworks */,
			);
			runOnlyForDeploymentPostprocessing = 0;
		};
		7BA396921EAA215500F4C4D6 /* Frameworks */ = {
			isa = PBXFrameworksBuildPhase;
			buildActionMask = 2147483647;
			files = (
				7BA396CB1EAA2C7300F4C4D6 /* Forge.framework in Frameworks */,
			);
			runOnlyForDeploymentPostprocessing = 0;
		};
/* End PBXFrameworksBuildPhase section */

/* Begin PBXGroup section */
		7BA395DA1EA8C27400F4C4D6 = {
			isa = PBXGroup;
			children = (
				7BA395E51EA8C27400F4C4D6 /* MNIST */,
				7BA395E41EA8C27400F4C4D6 /* Products */,
				7BA396CA1EAA2C7300F4C4D6 /* Forge.framework */,
			);
			sourceTree = "<group>";
		};
		7BA395E41EA8C27400F4C4D6 /* Products */ = {
			isa = PBXGroup;
			children = (
				7BA395E31EA8C27400F4C4D6 /* MNIST.app */,
				7BA396951EAA215500F4C4D6 /* MNIST-DSL.app */,
			);
			name = Products;
			sourceTree = "<group>";
		};
		7BA395E51EA8C27400F4C4D6 /* MNIST */ = {
			isa = PBXGroup;
			children = (
				7BA396461EA8C53500F4C4D6 /* Sources */,
				7BA396631EA8CB7900F4C4D6 /* Common */,
				7BA396701EAA077E00F4C4D6 /* Parameters */,
				7BA3962E1EA8C53000F4C4D6 /* Test Images */,
				7BA395EA1EA8C27400F4C4D6 /* Main.storyboard */,
				7BA395ED1EA8C27400F4C4D6 /* Assets.xcassets */,
				7BA395F21EA8C27400F4C4D6 /* Info.plist */,
			);
			path = MNIST;
			sourceTree = "<group>";
		};
		7BA3962E1EA8C53000F4C4D6 /* Test Images */ = {
			isa = PBXGroup;
			children = (
				7BA396321EA8C53000F4C4D6 /* five.png */,
				7BA396341EA8C53000F4C4D6 /* three.png */,
			);
			path = "Test Images";
			sourceTree = SOURCE_ROOT;
		};
		7BA396461EA8C53500F4C4D6 /* Sources */ = {
			isa = PBXGroup;
			children = (
				7BA396191EA8C50E00F4C4D6 /* CameraViewController.swift */,
				7BA3961B1EA8C50E00F4C4D6 /* MNIST.swift */,
				7BA396C41EAA293300F4C4D6 /* MNIST-DSL.swift */,
				7B8236BC1EAA564B00127F0C /* Preprocessing.swift */,
				7B8236BD1EAA564B00127F0C /* Shaders.metal */,
			);
			name = Sources;
			sourceTree = "<group>";
		};
		7BA396631EA8CB7900F4C4D6 /* Common */ = {
			isa = PBXGroup;
			children = (
				7BA396641EA8CB7900F4C4D6 /* AppDelegate.swift */,
				7B0B93831F1E68BC0002A11A /* FPSCounter.swift */,
				7BA396651EA8CB7900F4C4D6 /* VideoCapture.swift */,
			);
			name = Common;
			path = ../../Common;
			sourceTree = "<group>";
		};
		7BA396701EAA077E00F4C4D6 /* Parameters */ = {
			isa = PBXGroup;
			children = (
				7BA396711EAA077E00F4C4D6 /* conv1_b.bin */,
				7BA396721EAA077E00F4C4D6 /* conv1_W.bin */,
				7BA396731EAA077E00F4C4D6 /* conv2_b.bin */,
				7BA396741EAA077E00F4C4D6 /* conv2_W.bin */,
				7BA396751EAA077E00F4C4D6 /* fc1_b.bin */,
				7BA396761EAA077E00F4C4D6 /* fc1_W.bin */,
				7BA396771EAA077E00F4C4D6 /* fc2_b.bin */,
				7BA396781EAA077E00F4C4D6 /* fc2_W.bin */,
			);
			path = Parameters;
			sourceTree = SOURCE_ROOT;
		};
/* End PBXGroup section */

/* Begin PBXNativeTarget section */
		7BA395E21EA8C27400F4C4D6 /* MNIST */ = {
			isa = PBXNativeTarget;
			buildConfigurationList = 7BA395F51EA8C27400F4C4D6 /* Build configuration list for PBXNativeTarget "MNIST" */;
			buildPhases = (
				7BA395DF1EA8C27400F4C4D6 /* Sources */,
				7BA395E01EA8C27400F4C4D6 /* Frameworks */,
				7BA395E11EA8C27400F4C4D6 /* Resources */,
				7BA396081EA8C2CE00F4C4D6 /* Embed Frameworks */,
			);
			buildRules = (
			);
			dependencies = (
			);
			name = MNIST;
			productName = MNIST;
			productReference = 7BA395E31EA8C27400F4C4D6 /* MNIST.app */;
			productType = "com.apple.product-type.application";
		};
		7BA396941EAA215500F4C4D6 /* MNIST-DSL */ = {
			isa = PBXNativeTarget;
			buildConfigurationList = 7BA396A71EAA215500F4C4D6 /* Build configuration list for PBXNativeTarget "MNIST-DSL" */;
			buildPhases = (
				7BA396911EAA215500F4C4D6 /* Sources */,
				7BA396921EAA215500F4C4D6 /* Frameworks */,
				7BA396931EAA215500F4C4D6 /* Resources */,
				7BA396C21EAA227D00F4C4D6 /* Embed Frameworks */,
			);
			buildRules = (
			);
			dependencies = (
			);
			name = "MNIST-DSL";
			productName = "MNIST-DSL";
			productReference = 7BA396951EAA215500F4C4D6 /* MNIST-DSL.app */;
			productType = "com.apple.product-type.application";
		};
/* End PBXNativeTarget section */

/* Begin PBXProject section */
		7BA395DB1EA8C27400F4C4D6 /* Project object */ = {
			isa = PBXProject;
			attributes = {
				LastSwiftUpdateCheck = 0830;
				LastUpgradeCheck = 0900;
				ORGANIZATIONNAME = MachineThink;
				TargetAttributes = {
					7BA395E21EA8C27400F4C4D6 = {
						CreatedOnToolsVersion = 8.3;
						DevelopmentTeam = MGCEKGP4Y4;
						LastSwiftMigration = 0900;
						ProvisioningStyle = Automatic;
					};
					7BA396941EAA215500F4C4D6 = {
						CreatedOnToolsVersion = 8.3;
						DevelopmentTeam = MGCEKGP4Y4;
						LastSwiftMigration = 0900;
						ProvisioningStyle = Automatic;
					};
				};
			};
			buildConfigurationList = 7BA395DE1EA8C27400F4C4D6 /* Build configuration list for PBXProject "MNIST" */;
			compatibilityVersion = "Xcode 3.2";
			developmentRegion = English;
			hasScannedForEncodings = 0;
			knownRegions = (
				en,
				Base,
			);
			mainGroup = 7BA395DA1EA8C27400F4C4D6;
			productRefGroup = 7BA395E41EA8C27400F4C4D6 /* Products */;
			projectDirPath = "";
			projectRoot = "";
			targets = (
				7BA395E21EA8C27400F4C4D6 /* MNIST */,
				7BA396941EAA215500F4C4D6 /* MNIST-DSL */,
			);
		};
/* End PBXProject section */

/* Begin PBXResourcesBuildPhase section */
		7BA395E11EA8C27400F4C4D6 /* Resources */ = {
			isa = PBXResourcesBuildPhase;
			buildActionMask = 2147483647;
			files = (
				7BA3967E1EAA077E00F4C4D6 /* fc1_W.bin in Resources */,
				7BA3967C1EAA077E00F4C4D6 /* conv2_W.bin in Resources */,
				7BA396791EAA077E00F4C4D6 /* conv1_b.bin in Resources */,
				7BA396421EA8C53000F4C4D6 /* five.png in Resources */,
				7BA3967D1EAA077E00F4C4D6 /* fc1_b.bin in Resources */,
				7BA396441EA8C53000F4C4D6 /* three.png in Resources */,
				7BA395EE1EA8C27400F4C4D6 /* Assets.xcassets in Resources */,
				7BA3967B1EAA077E00F4C4D6 /* conv2_b.bin in Resources */,
				7BA395EC1EA8C27400F4C4D6 /* Main.storyboard in Resources */,
				7BA396801EAA077E00F4C4D6 /* fc2_W.bin in Resources */,
				7BA3967F1EAA077E00F4C4D6 /* fc2_b.bin in Resources */,
				7BA3967A1EAA077E00F4C4D6 /* conv1_W.bin in Resources */,
			);
			runOnlyForDeploymentPostprocessing = 0;
		};
		7BA396931EAA215500F4C4D6 /* Resources */ = {
			isa = PBXResourcesBuildPhase;
			buildActionMask = 2147483647;
			files = (
				7BA396B21EAA21BA00F4C4D6 /* fc1_W.bin in Resources */,
				7BA396B41EAA21BA00F4C4D6 /* fc2_W.bin in Resources */,
				7BA396B51EAA21C100F4C4D6 /* five.png in Resources */,
				7BA396B01EAA21BA00F4C4D6 /* conv2_W.bin in Resources */,
				7BA396B61EAA21C100F4C4D6 /* three.png in Resources */,
				7BA396B71EAA21C800F4C4D6 /* Main.storyboard in Resources */,
				7BA396AD1EAA21BA00F4C4D6 /* conv1_b.bin in Resources */,
				7BA396AE1EAA21BA00F4C4D6 /* conv1_W.bin in Resources */,
				7BA396B11EAA21BA00F4C4D6 /* fc1_b.bin in Resources */,
				7BA396AF1EAA21BA00F4C4D6 /* conv2_b.bin in Resources */,
				7BA396B81EAA21CB00F4C4D6 /* Assets.xcassets in Resources */,
				7BA396B31EAA21BA00F4C4D6 /* fc2_b.bin in Resources */,
			);
			runOnlyForDeploymentPostprocessing = 0;
		};
/* End PBXResourcesBuildPhase section */

/* Begin PBXSourcesBuildPhase section */
		7BA395DF1EA8C27400F4C4D6 /* Sources */ = {
			isa = PBXSourcesBuildPhase;
			buildActionMask = 2147483647;
			files = (
				7B8236BF1EAA564B00127F0C /* Shaders.metal in Sources */,
				7B8236BE1EAA564B00127F0C /* Preprocessing.swift in Sources */,
				7B0B93841F1E68BF0002A11A /* FPSCounter.swift in Sources */,
				7BA3961F1EA8C50E00F4C4D6 /* MNIST.swift in Sources */,
				7BA396661EA8CB7900F4C4D6 /* AppDelegate.swift in Sources */,
				7BA396671EA8CB7900F4C4D6 /* VideoCapture.swift in Sources */,
				7BA3961D1EA8C50E00F4C4D6 /* CameraViewController.swift in Sources */,
			);
			runOnlyForDeploymentPostprocessing = 0;
		};
		7BA396911EAA215500F4C4D6 /* Sources */ = {
			isa = PBXSourcesBuildPhase;
			buildActionMask = 2147483647;
			files = (
				7B8236C11EAA572C00127F0C /* Shaders.metal in Sources */,
				7B8236C01EAA572A00127F0C /* Preprocessing.swift in Sources */,
				7B0B93851F1E68C00002A11A /* FPSCounter.swift in Sources */,
				7BA396AB1EAA21B300F4C4D6 /* AppDelegate.swift in Sources */,
				7BA396AC1EAA21B500F4C4D6 /* VideoCapture.swift in Sources */,
				7BA396C31EAA229700F4C4D6 /* CameraViewController.swift in Sources */,
				7BA396C61EAA293600F4C4D6 /* MNIST-DSL.swift in Sources */,
			);
			runOnlyForDeploymentPostprocessing = 0;
		};
/* End PBXSourcesBuildPhase section */

/* Begin PBXVariantGroup section */
		7BA395EA1EA8C27400F4C4D6 /* Main.storyboard */ = {
			isa = PBXVariantGroup;
			children = (
				7BA395EB1EA8C27400F4C4D6 /* Base */,
			);
			name = Main.storyboard;
			sourceTree = "<group>";
		};
/* End PBXVariantGroup section */

/* Begin XCBuildConfiguration section */
		7BA395F31EA8C27400F4C4D6 /* Debug */ = {
			isa = XCBuildConfiguration;
			buildSettings = {
				ALWAYS_SEARCH_USER_PATHS = NO;
				CLANG_ANALYZER_NONNULL = YES;
				CLANG_ANALYZER_NUMBER_OBJECT_CONVERSION = YES_AGGRESSIVE;
				CLANG_CXX_LANGUAGE_STANDARD = "gnu++0x";
				CLANG_CXX_LIBRARY = "libc++";
				CLANG_ENABLE_MODULES = YES;
				CLANG_ENABLE_OBJC_ARC = YES;
				CLANG_WARN_BLOCK_CAPTURE_AUTORELEASING = YES;
				CLANG_WARN_BOOL_CONVERSION = YES;
				CLANG_WARN_COMMA = YES;
				CLANG_WARN_CONSTANT_CONVERSION = YES;
				CLANG_WARN_DIRECT_OBJC_ISA_USAGE = YES_ERROR;
				CLANG_WARN_DOCUMENTATION_COMMENTS = YES;
				CLANG_WARN_EMPTY_BODY = YES;
				CLANG_WARN_ENUM_CONVERSION = YES;
				CLANG_WARN_INFINITE_RECURSION = YES;
				CLANG_WARN_INT_CONVERSION = YES;
				CLANG_WARN_NON_LITERAL_NULL_CONVERSION = YES;
				CLANG_WARN_OBJC_LITERAL_CONVERSION = YES;
				CLANG_WARN_OBJC_ROOT_CLASS = YES_ERROR;
				CLANG_WARN_RANGE_LOOP_ANALYSIS = YES;
				CLANG_WARN_STRICT_PROTOTYPES = YES;
				CLANG_WARN_SUSPICIOUS_MOVE = YES;
				CLANG_WARN_UNREACHABLE_CODE = YES;
				CLANG_WARN__DUPLICATE_METHOD_MATCH = YES;
				"CODE_SIGN_IDENTITY[sdk=iphoneos*]" = "iPhone Developer";
				COPY_PHASE_STRIP = NO;
				DEBUG_INFORMATION_FORMAT = dwarf;
				ENABLE_STRICT_OBJC_MSGSEND = YES;
				ENABLE_TESTABILITY = YES;
				GCC_C_LANGUAGE_STANDARD = gnu99;
				GCC_DYNAMIC_NO_PIC = NO;
				GCC_NO_COMMON_BLOCKS = YES;
				GCC_OPTIMIZATION_LEVEL = 0;
				GCC_PREPROCESSOR_DEFINITIONS = (
					"DEBUG=1",
					"$(inherited)",
				);
				GCC_WARN_64_TO_32_BIT_CONVERSION = YES;
				GCC_WARN_ABOUT_RETURN_TYPE = YES_ERROR;
				GCC_WARN_UNDECLARED_SELECTOR = YES;
				GCC_WARN_UNINITIALIZED_AUTOS = YES_AGGRESSIVE;
				GCC_WARN_UNUSED_FUNCTION = YES;
				GCC_WARN_UNUSED_VARIABLE = YES;
				IPHONEOS_DEPLOYMENT_TARGET = 10.0;
				MTL_ENABLE_DEBUG_INFO = YES;
				ONLY_ACTIVE_ARCH = YES;
				SDKROOT = iphoneos;
				SWIFT_ACTIVE_COMPILATION_CONDITIONS = DEBUG;
				SWIFT_OPTIMIZATION_LEVEL = "-Onone";
				TARGETED_DEVICE_FAMILY = "1,2";
			};
			name = Debug;
		};
		7BA395F41EA8C27400F4C4D6 /* Release */ = {
			isa = XCBuildConfiguration;
			buildSettings = {
				ALWAYS_SEARCH_USER_PATHS = NO;
				CLANG_ANALYZER_NONNULL = YES;
				CLANG_ANALYZER_NUMBER_OBJECT_CONVERSION = YES_AGGRESSIVE;
				CLANG_CXX_LANGUAGE_STANDARD = "gnu++0x";
				CLANG_CXX_LIBRARY = "libc++";
				CLANG_ENABLE_MODULES = YES;
				CLANG_ENABLE_OBJC_ARC = YES;
				CLANG_WARN_BLOCK_CAPTURE_AUTORELEASING = YES;
				CLANG_WARN_BOOL_CONVERSION = YES;
				CLANG_WARN_COMMA = YES;
				CLANG_WARN_CONSTANT_CONVERSION = YES;
				CLANG_WARN_DIRECT_OBJC_ISA_USAGE = YES_ERROR;
				CLANG_WARN_DOCUMENTATION_COMMENTS = YES;
				CLANG_WARN_EMPTY_BODY = YES;
				CLANG_WARN_ENUM_CONVERSION = YES;
				CLANG_WARN_INFINITE_RECURSION = YES;
				CLANG_WARN_INT_CONVERSION = YES;
				CLANG_WARN_NON_LITERAL_NULL_CONVERSION = YES;
				CLANG_WARN_OBJC_LITERAL_CONVERSION = YES;
				CLANG_WARN_OBJC_ROOT_CLASS = YES_ERROR;
				CLANG_WARN_RANGE_LOOP_ANALYSIS = YES;
				CLANG_WARN_STRICT_PROTOTYPES = YES;
				CLANG_WARN_SUSPICIOUS_MOVE = YES;
				CLANG_WARN_UNREACHABLE_CODE = YES;
				CLANG_WARN__DUPLICATE_METHOD_MATCH = YES;
				"CODE_SIGN_IDENTITY[sdk=iphoneos*]" = "iPhone Developer";
				COPY_PHASE_STRIP = NO;
				DEBUG_INFORMATION_FORMAT = "dwarf-with-dsym";
				ENABLE_NS_ASSERTIONS = NO;
				ENABLE_STRICT_OBJC_MSGSEND = YES;
				GCC_C_LANGUAGE_STANDARD = gnu99;
				GCC_NO_COMMON_BLOCKS = YES;
				GCC_WARN_64_TO_32_BIT_CONVERSION = YES;
				GCC_WARN_ABOUT_RETURN_TYPE = YES_ERROR;
				GCC_WARN_UNDECLARED_SELECTOR = YES;
				GCC_WARN_UNINITIALIZED_AUTOS = YES_AGGRESSIVE;
				GCC_WARN_UNUSED_FUNCTION = YES;
				GCC_WARN_UNUSED_VARIABLE = YES;
				IPHONEOS_DEPLOYMENT_TARGET = 10.0;
				MTL_ENABLE_DEBUG_INFO = NO;
				SDKROOT = iphoneos;
				SWIFT_OPTIMIZATION_LEVEL = "-Owholemodule";
				TARGETED_DEVICE_FAMILY = "1,2";
				VALIDATE_PRODUCT = YES;
			};
			name = Release;
		};
		7BA395F61EA8C27400F4C4D6 /* Debug */ = {
			isa = XCBuildConfiguration;
			buildSettings = {
				ALWAYS_EMBED_SWIFT_STANDARD_LIBRARIES = YES;
				ASSETCATALOG_COMPILER_APPICON_NAME = AppIcon;
				DEVELOPMENT_TEAM = MGCEKGP4Y4;
				GCC_OPTIMIZATION_LEVEL = s;
				INFOPLIST_FILE = MNIST/Info.plist;
				LD_RUNPATH_SEARCH_PATHS = "$(inherited) @executable_path/Frameworks";
				PRODUCT_BUNDLE_IDENTIFIER = net.machinethink.MNIST;
				PRODUCT_NAME = "$(TARGET_NAME)";
				SWIFT_OPTIMIZATION_LEVEL = "-Owholemodule";
				SWIFT_SWIFT3_OBJC_INFERENCE = Off;
				SWIFT_VERSION = 4.0;
				VALID_ARCHS = arm64;
			};
			name = Debug;
		};
		7BA395F71EA8C27400F4C4D6 /* Release */ = {
			isa = XCBuildConfiguration;
			buildSettings = {
				ALWAYS_EMBED_SWIFT_STANDARD_LIBRARIES = YES;
				ASSETCATALOG_COMPILER_APPICON_NAME = AppIcon;
				DEVELOPMENT_TEAM = MGCEKGP4Y4;
				INFOPLIST_FILE = MNIST/Info.plist;
				LD_RUNPATH_SEARCH_PATHS = "$(inherited) @executable_path/Frameworks";
				PRODUCT_BUNDLE_IDENTIFIER = net.machinethink.MNIST;
				PRODUCT_NAME = "$(TARGET_NAME)";
				SWIFT_SWIFT3_OBJC_INFERENCE = Off;
				SWIFT_VERSION = 4.0;
				VALID_ARCHS = arm64;
			};
			name = Release;
		};
		7BA396A41EAA215500F4C4D6 /* Debug */ = {
			isa = XCBuildConfiguration;
			buildSettings = {
				ALWAYS_EMBED_SWIFT_STANDARD_LIBRARIES = YES;
				ASSETCATALOG_COMPILER_APPICON_NAME = AppIcon;
				DEVELOPMENT_TEAM = MGCEKGP4Y4;
				GCC_OPTIMIZATION_LEVEL = 0;
				INFOPLIST_FILE = MNIST/Info.plist;
				LD_RUNPATH_SEARCH_PATHS = "$(inherited) @executable_path/Frameworks";
				PRODUCT_BUNDLE_IDENTIFIER = "net.machinethink.MNIST-DSL";
				PRODUCT_NAME = "$(TARGET_NAME)";
				SWIFT_OPTIMIZATION_LEVEL = "-Onone";
				SWIFT_SWIFT3_OBJC_INFERENCE = Off;
				SWIFT_VERSION = 4.0;
				VALID_ARCHS = arm64;
			};
			name = Debug;
		};
		7BA396A51EAA215500F4C4D6 /* Release */ = {
			isa = XCBuildConfiguration;
			buildSettings = {
				ALWAYS_EMBED_SWIFT_STANDARD_LIBRARIES = YES;
				ASSETCATALOG_COMPILER_APPICON_NAME = AppIcon;
				DEVELOPMENT_TEAM = MGCEKGP4Y4;
				GCC_OPTIMIZATION_LEVEL = 0;
				INFOPLIST_FILE = MNIST/Info.plist;
				LD_RUNPATH_SEARCH_PATHS = "$(inherited) @executable_path/Frameworks";
				PRODUCT_BUNDLE_IDENTIFIER = "net.machinethink.MNIST-DSL";
				PRODUCT_NAME = "$(TARGET_NAME)";
				SWIFT_OPTIMIZATION_LEVEL = "-Onone";
				SWIFT_SWIFT3_OBJC_INFERENCE = Off;
				SWIFT_VERSION = 4.0;
				VALID_ARCHS = arm64;
			};
			name = Release;
		};
/* End XCBuildConfiguration section */

/* Begin XCConfigurationList section */
		7BA395DE1EA8C27400F4C4D6 /* Build configuration list for PBXProject "MNIST" */ = {
			isa = XCConfigurationList;
			buildConfigurations = (
				7BA395F31EA8C27400F4C4D6 /* Debug */,
				7BA395F41EA8C27400F4C4D6 /* Release */,
			);
			defaultConfigurationIsVisible = 0;
			defaultConfigurationName = Release;
		};
		7BA395F51EA8C27400F4C4D6 /* Build configuration list for PBXNativeTarget "MNIST" */ = {
			isa = XCConfigurationList;
			buildConfigurations = (
				7BA395F61EA8C27400F4C4D6 /* Debug */,
				7BA395F71EA8C27400F4C4D6 /* Release */,
			);
			defaultConfigurationIsVisible = 0;
			defaultConfigurationName = Release;
		};
		7BA396A71EAA215500F4C4D6 /* Build configuration list for PBXNativeTarget "MNIST-DSL" */ = {
			isa = XCConfigurationList;
			buildConfigurations = (
				7BA396A41EAA215500F4C4D6 /* Debug */,
				7BA396A51EAA215500F4C4D6 /* Release */,
			);
			defaultConfigurationIsVisible = 0;
			defaultConfigurationName = Release;
		};
/* End XCConfigurationList section */
	};
	rootObject = 7BA395DB1EA8C27400F4C4D6 /* Project object */;
}
