// !$*UTF8*$!
{
	archiveVersion = 1;
	classes = {
	};
	objectVersion = 46;
	objects = {

/* Begin PBXBuildFile section */
		7B8237131EABDCE000127F0C /* Main.storyboard in Resources */ = {isa = PBXBuildFile; fileRef = 7B8237111EABDCE000127F0C /* Main.storyboard */; };
		7B8237151EABDCE000127F0C /* Assets.xcassets in Resources */ = {isa = PBXBuildFile; fileRef = 7B8237141EABDCE000127F0C /* Assets.xcassets */; };
		7B8237371EABDD9200127F0C /* CameraViewController.swift in Sources */ = {isa = PBXBuildFile; fileRef = 7B8237261EABDD9200127F0C /* CameraViewController.swift */; };
		7B82373C1EABDD9200127F0C /* MobileNet.swift in Sources */ = {isa = PBXBuildFile; fileRef = 7B82372B1EABDD9200127F0C /* MobileNet.swift */; };
		7B82374A1EABDDFD00127F0C /* AppDelegate.swift in Sources */ = {isa = PBXBuildFile; fileRef = 7B8237481EABDDFD00127F0C /* AppDelegate.swift */; };
		7B82374B1EABDDFD00127F0C /* VideoCapture.swift in Sources */ = {isa = PBXBuildFile; fileRef = 7B8237491EABDDFD00127F0C /* VideoCapture.swift */; };
		7B82374D1EABDE0F00127F0C /* Forge.framework in Frameworks */ = {isa = PBXBuildFile; fileRef = 7B82374C1EABDE0F00127F0C /* Forge.framework */; };
		7B82374E1EABDE0F00127F0C /* Forge.framework in Embed Frameworks */ = {isa = PBXBuildFile; fileRef = 7B82374C1EABDE0F00127F0C /* Forge.framework */; settings = {ATTRIBUTES = (CodeSignOnCopy, RemoveHeadersOnCopy, ); }; };
/* End PBXBuildFile section */

/* Begin PBXCopyFilesBuildPhase section */
		7B82374F1EABDE0F00127F0C /* Embed Frameworks */ = {
			isa = PBXCopyFilesBuildPhase;
			buildActionMask = 2147483647;
			dstPath = "";
			dstSubfolderSpec = 10;
			files = (
				7B82374E1EABDE0F00127F0C /* Forge.framework in Embed Frameworks */,
			);
			name = "Embed Frameworks";
			runOnlyForDeploymentPostprocessing = 0;
		};
/* End PBXCopyFilesBuildPhase section */

/* Begin PBXFileReference section */
		7B82370A1EABDCE000127F0C /* MobileNets.app */ = {isa = PBXFileReference; explicitFileType = wrapper.application; includeInIndex = 0; path = MobileNets.app; sourceTree = BUILT_PRODUCTS_DIR; };
		7B8237121EABDCE000127F0C /* Base */ = {isa = PBXFileReference; lastKnownFileType = file.storyboard; name = Base; path = Base.lproj/Main.storyboard; sourceTree = "<group>"; };
		7B8237141EABDCE000127F0C /* Assets.xcassets */ = {isa = PBXFileReference; lastKnownFileType = folder.assetcatalog; name = Assets.xcassets; path = MobileNets/Assets.xcassets; sourceTree = "<group>"; };
		7B8237191EABDCE000127F0C /* Info.plist */ = {isa = PBXFileReference; lastKnownFileType = text.plist.xml; name = Info.plist; path = MobileNets/Info.plist; sourceTree = "<group>"; };
		7B8237261EABDD9200127F0C /* CameraViewController.swift */ = {isa = PBXFileReference; fileEncoding = 4; lastKnownFileType = sourcecode.swift; path = CameraViewController.swift; sourceTree = "<group>"; };
		7B82372B1EABDD9200127F0C /* MobileNet.swift */ = {isa = PBXFileReference; fileEncoding = 4; lastKnownFileType = sourcecode.swift; path = MobileNet.swift; sourceTree = "<group>"; };
		7B8237481EABDDFD00127F0C /* AppDelegate.swift */ = {isa = PBXFileReference; fileEncoding = 4; lastKnownFileType = sourcecode.swift; path = AppDelegate.swift; sourceTree = "<group>"; };
		7B8237491EABDDFD00127F0C /* VideoCapture.swift */ = {isa = PBXFileReference; fileEncoding = 4; lastKnownFileType = sourcecode.swift; path = VideoCapture.swift; sourceTree = "<group>"; };
		7B82374C1EABDE0F00127F0C /* Forge.framework */ = {isa = PBXFileReference; explicitFileType = wrapper.framework; path = Forge.framework; sourceTree = BUILT_PRODUCTS_DIR; };
/* End PBXFileReference section */

/* Begin PBXFrameworksBuildPhase section */
		7B8237071EABDCE000127F0C /* Frameworks */ = {
			isa = PBXFrameworksBuildPhase;
			buildActionMask = 2147483647;
			files = (
				7B82374D1EABDE0F00127F0C /* Forge.framework in Frameworks */,
			);
			runOnlyForDeploymentPostprocessing = 0;
		};
/* End PBXFrameworksBuildPhase section */

/* Begin PBXGroup section */
		7B8237011EABDCE000127F0C = {
			isa = PBXGroup;
			children = (
				7B8237501EABE4C600127F0C /* MobileNets */,
				7B82370B1EABDCE000127F0C /* Products */,
				7B82374C1EABDE0F00127F0C /* Forge.framework */,
			);
			sourceTree = "<group>";
		};
		7B82370B1EABDCE000127F0C /* Products */ = {
			isa = PBXGroup;
			children = (
				7B82370A1EABDCE000127F0C /* MobileNets.app */,
			);
			name = Products;
			sourceTree = "<group>";
		};
		7B82370C1EABDCE000127F0C /* Sources */ = {
			isa = PBXGroup;
			children = (
				7B8237261EABDD9200127F0C /* CameraViewController.swift */,
				7B82372B1EABDD9200127F0C /* MobileNet.swift */,
			);
			name = Sources;
			path = MobileNets;
			sourceTree = "<group>";
		};
		7B8237471EABDDFD00127F0C /* Common */ = {
			isa = PBXGroup;
			children = (
				7B8237481EABDDFD00127F0C /* AppDelegate.swift */,
				7B8237491EABDDFD00127F0C /* VideoCapture.swift */,
			);
			name = Common;
			path = ../Common;
			sourceTree = "<group>";
		};
		7B8237501EABE4C600127F0C /* MobileNets */ = {
			isa = PBXGroup;
			children = (
				7B82370C1EABDCE000127F0C /* Sources */,
				7B8237471EABDDFD00127F0C /* Common */,
				7B8237111EABDCE000127F0C /* Main.storyboard */,
				7B8237141EABDCE000127F0C /* Assets.xcassets */,
				7B8237191EABDCE000127F0C /* Info.plist */,
			);
			name = MobileNets;
			sourceTree = "<group>";
		};
/* End PBXGroup section */

/* Begin PBXNativeTarget section */
		7B8237091EABDCE000127F0C /* MobileNets */ = {
			isa = PBXNativeTarget;
			buildConfigurationList = 7B82371C1EABDCE000127F0C /* Build configuration list for PBXNativeTarget "MobileNets" */;
			buildPhases = (
				7B8237061EABDCE000127F0C /* Sources */,
				7B8237071EABDCE000127F0C /* Frameworks */,
				7B8237081EABDCE000127F0C /* Resources */,
				7B82374F1EABDE0F00127F0C /* Embed Frameworks */,
			);
			buildRules = (
			);
			dependencies = (
			);
			name = MobileNets;
			productName = MobileNets;
			productReference = 7B82370A1EABDCE000127F0C /* MobileNets.app */;
			productType = "com.apple.product-type.application";
		};
/* End PBXNativeTarget section */

/* Begin PBXProject section */
		7B8237021EABDCE000127F0C /* Project object */ = {
			isa = PBXProject;
			attributes = {
				LastSwiftUpdateCheck = 0830;
				LastUpgradeCheck = 0830;
				ORGANIZATIONNAME = MachineThink;
				TargetAttributes = {
					7B8237091EABDCE000127F0C = {
						CreatedOnToolsVersion = 8.3;
						DevelopmentTeam = MGCEKGP4Y4;
						ProvisioningStyle = Automatic;
					};
				};
			};
			buildConfigurationList = 7B8237051EABDCE000127F0C /* Build configuration list for PBXProject "MobileNets" */;
			compatibilityVersion = "Xcode 3.2";
			developmentRegion = English;
			hasScannedForEncodings = 0;
			knownRegions = (
				en,
				Base,
			);
			mainGroup = 7B8237011EABDCE000127F0C;
			productRefGroup = 7B82370B1EABDCE000127F0C /* Products */;
			projectDirPath = "";
			projectRoot = "";
			targets = (
				7B8237091EABDCE000127F0C /* MobileNets */,
			);
		};
/* End PBXProject section */

/* Begin PBXResourcesBuildPhase section */
		7B8237081EABDCE000127F0C /* Resources */ = {
			isa = PBXResourcesBuildPhase;
			buildActionMask = 2147483647;
			files = (
				7B8237151EABDCE000127F0C /* Assets.xcassets in Resources */,
				7B8237131EABDCE000127F0C /* Main.storyboard in Resources */,
			);
			runOnlyForDeploymentPostprocessing = 0;
		};
/* End PBXResourcesBuildPhase section */

/* Begin PBXSourcesBuildPhase section */
		7B8237061EABDCE000127F0C /* Sources */ = {
			isa = PBXSourcesBuildPhase;
			buildActionMask = 2147483647;
			files = (
				7B82374A1EABDDFD00127F0C /* AppDelegate.swift in Sources */,
				7B82373C1EABDD9200127F0C /* MobileNet.swift in Sources */,
				7B82374B1EABDDFD00127F0C /* VideoCapture.swift in Sources */,
				7B8237371EABDD9200127F0C /* CameraViewController.swift in Sources */,
			);
			runOnlyForDeploymentPostprocessing = 0;
		};
/* End PBXSourcesBuildPhase section */

/* Begin PBXVariantGroup section */
		7B8237111EABDCE000127F0C /* Main.storyboard */ = {
			isa = PBXVariantGroup;
			children = (
				7B8237121EABDCE000127F0C /* Base */,
			);
			name = Main.storyboard;
			path = MobileNets;
			sourceTree = "<group>";
		};
/* End PBXVariantGroup section */

/* Begin XCBuildConfiguration section */
		7B82371A1EABDCE000127F0C /* Debug */ = {
			isa = XCBuildConfiguration;
			buildSettings = {
				ALWAYS_SEARCH_USER_PATHS = NO;
				CLANG_ANALYZER_NONNULL = YES;
				CLANG_ANALYZER_NUMBER_OBJECT_CONVERSION = YES_AGGRESSIVE;
				CLANG_CXX_LANGUAGE_STANDARD = "gnu++0x";
				CLANG_CXX_LIBRARY = "libc++";
				CLANG_ENABLE_MODULES = YES;
				CLANG_ENABLE_OBJC_ARC = YES;
				CLANG_WARN_BOOL_CONVERSION = YES;
				CLANG_WARN_CONSTANT_CONVERSION = YES;
				CLANG_WARN_DIRECT_OBJC_ISA_USAGE = YES_ERROR;
				CLANG_WARN_DOCUMENTATION_COMMENTS = YES;
				CLANG_WARN_EMPTY_BODY = YES;
				CLANG_WARN_ENUM_CONVERSION = YES;
				CLANG_WARN_INFINITE_RECURSION = YES;
				CLANG_WARN_INT_CONVERSION = YES;
				CLANG_WARN_OBJC_ROOT_CLASS = YES_ERROR;
				CLANG_WARN_SUSPICIOUS_MOVE = YES;
				CLANG_WARN_UNREACHABLE_CODE = YES;
				CLANG_WARN__DUPLICATE_METHOD_MATCH = YES;
				"CODE_SIGN_IDENTITY[sdk=iphoneos*]" = "iPhone Developer";
				COPY_PHASE_STRIP = NO;
				DEBUG_INFORMATION_FORMAT = dwarf;
				ENABLE_STRICT_OBJC_MSGSEND = YES;
				ENABLE_TESTABILITY = YES;
				GCC_C_LANGUAGE_STANDARD = gnu99;
				GCC_DYNAMIC_NO_PIC = NO;
				GCC_NO_COMMON_BLOCKS = YES;
				GCC_OPTIMIZATION_LEVEL = 0;
				GCC_PREPROCESSOR_DEFINITIONS = (
					"DEBUG=1",
					"$(inherited)",
				);
				GCC_WARN_64_TO_32_BIT_CONVERSION = YES;
				GCC_WARN_ABOUT_RETURN_TYPE = YES_ERROR;
				GCC_WARN_UNDECLARED_SELECTOR = YES;
				GCC_WARN_UNINITIALIZED_AUTOS = YES_AGGRESSIVE;
				GCC_WARN_UNUSED_FUNCTION = YES;
				GCC_WARN_UNUSED_VARIABLE = YES;
				IPHONEOS_DEPLOYMENT_TARGET = 10.3;
				MTL_ENABLE_DEBUG_INFO = YES;
				ONLY_ACTIVE_ARCH = YES;
				SDKROOT = iphoneos;
				SWIFT_ACTIVE_COMPILATION_CONDITIONS = DEBUG;
				SWIFT_OPTIMIZATION_LEVEL = "-Onone";
				TARGETED_DEVICE_FAMILY = "1,2";
			};
			name = Debug;
		};
		7B82371B1EABDCE000127F0C /* Release */ = {
			isa = XCBuildConfiguration;
			buildSettings = {
				ALWAYS_SEARCH_USER_PATHS = NO;
				CLANG_ANALYZER_NONNULL = YES;
				CLANG_ANALYZER_NUMBER_OBJECT_CONVERSION = YES_AGGRESSIVE;
				CLANG_CXX_LANGUAGE_STANDARD = "gnu++0x";
				CLANG_CXX_LIBRARY = "libc++";
				CLANG_ENABLE_MODULES = YES;
				CLANG_ENABLE_OBJC_ARC = YES;
				CLANG_WARN_BOOL_CONVERSION = YES;
				CLANG_WARN_CONSTANT_CONVERSION = YES;
				CLANG_WARN_DIRECT_OBJC_ISA_USAGE = YES_ERROR;
				CLANG_WARN_DOCUMENTATION_COMMENTS = YES;
				CLANG_WARN_EMPTY_BODY = YES;
				CLANG_WARN_ENUM_CONVERSION = YES;
				CLANG_WARN_INFINITE_RECURSION = YES;
				CLANG_WARN_INT_CONVERSION = YES;
				CLANG_WARN_OBJC_ROOT_CLASS = YES_ERROR;
				CLANG_WARN_SUSPICIOUS_MOVE = YES;
				CLANG_WARN_UNREACHABLE_CODE = YES;
				CLANG_WARN__DUPLICATE_METHOD_MATCH = YES;
				"CODE_SIGN_IDENTITY[sdk=iphoneos*]" = "iPhone Developer";
				COPY_PHASE_STRIP = NO;
				DEBUG_INFORMATION_FORMAT = "dwarf-with-dsym";
				ENABLE_NS_ASSERTIONS = NO;
				ENABLE_STRICT_OBJC_MSGSEND = YES;
				GCC_C_LANGUAGE_STANDARD = gnu99;
				GCC_NO_COMMON_BLOCKS = YES;
				GCC_WARN_64_TO_32_BIT_CONVERSION = YES;
				GCC_WARN_ABOUT_RETURN_TYPE = YES_ERROR;
				GCC_WARN_UNDECLARED_SELECTOR = YES;
				GCC_WARN_UNINITIALIZED_AUTOS = YES_AGGRESSIVE;
				GCC_WARN_UNUSED_FUNCTION = YES;
				GCC_WARN_UNUSED_VARIABLE = YES;
				IPHONEOS_DEPLOYMENT_TARGET = 10.3;
				MTL_ENABLE_DEBUG_INFO = NO;
				SDKROOT = iphoneos;
				SWIFT_OPTIMIZATION_LEVEL = "-Owholemodule";
				TARGETED_DEVICE_FAMILY = "1,2";
				VALIDATE_PRODUCT = YES;
			};
			name = Release;
		};
		7B82371D1EABDCE000127F0C /* Debug */ = {
			isa = XCBuildConfiguration;
			buildSettings = {
				ASSETCATALOG_COMPILER_APPICON_NAME = AppIcon;
				DEVELOPMENT_TEAM = MGCEKGP4Y4;
				GCC_OPTIMIZATION_LEVEL = s;
				INFOPLIST_FILE = MobileNets/Info.plist;
				LD_RUNPATH_SEARCH_PATHS = "$(inherited) @executable_path/Frameworks";
				PRODUCT_BUNDLE_IDENTIFIER = net.machinethink.MobileNets;
				PRODUCT_NAME = "$(TARGET_NAME)";
				SWIFT_OPTIMIZATION_LEVEL = "-Owholemodule";
				SWIFT_VERSION = 3.0;
				VALID_ARCHS = arm64;
			};
			name = Debug;
		};
		7B82371E1EABDCE000127F0C /* Release */ = {
			isa = XCBuildConfiguration;
			buildSettings = {
				ASSETCATALOG_COMPILER_APPICON_NAME = AppIcon;
				DEVELOPMENT_TEAM = MGCEKGP4Y4;
				INFOPLIST_FILE = MobileNets/Info.plist;
				LD_RUNPATH_SEARCH_PATHS = "$(inherited) @executable_path/Frameworks";
				PRODUCT_BUNDLE_IDENTIFIER = net.machinethink.MobileNets;
				PRODUCT_NAME = "$(TARGET_NAME)";
				SWIFT_VERSION = 3.0;
				VALID_ARCHS = arm64;
			};
			name = Release;
		};
/* End XCBuildConfiguration section */

/* Begin XCConfigurationList section */
		7B8237051EABDCE000127F0C /* Build configuration list for PBXProject "MobileNets" */ = {
			isa = XCConfigurationList;
			buildConfigurations = (
				7B82371A1EABDCE000127F0C /* Debug */,
				7B82371B1EABDCE000127F0C /* Release */,
			);
			defaultConfigurationIsVisible = 0;
			defaultConfigurationName = Release;
		};
		7B82371C1EABDCE000127F0C /* Build configuration list for PBXNativeTarget "MobileNets" */ = {
			isa = XCConfigurationList;
			buildConfigurations = (
				7B82371D1EABDCE000127F0C /* Debug */,
				7B82371E1EABDCE000127F0C /* Release */,
			);
			defaultConfigurationIsVisible = 0;
			defaultConfigurationName = Release;
		};
/* End XCConfigurationList section */
	};
	rootObject = 7B8237021EABDCE000127F0C /* Project object */;
}
